// !$*UTF8*$!
{
	archiveVersion = 1;
	classes = {
	};
	objectVersion = 46;
	objects = {

/* Begin PBXBuildFile section */
		F311FEB319ECD0DF00EDFE04 /* Foundation.framework in Frameworks */ = {isa = PBXBuildFile; fileRef = F311FEB219ECD0DF00EDFE04 /* Foundation.framework */; };
		F311FEB519ECD0DF00EDFE04 /* CoreGraphics.framework in Frameworks */ = {isa = PBXBuildFile; fileRef = F311FEB419ECD0DF00EDFE04 /* CoreGraphics.framework */; };
		F311FEB719ECD0DF00EDFE04 /* UIKit.framework in Frameworks */ = {isa = PBXBuildFile; fileRef = F311FEB619ECD0DF00EDFE04 /* UIKit.framework */; };
		F311FEBD19ECD0DF00EDFE04 /* InfoPlist.strings in Resources */ = {isa = PBXBuildFile; fileRef = F311FEBB19ECD0DF00EDFE04 /* InfoPlist.strings */; };
		F311FEBF19ECD0DF00EDFE04 /* main.m in Sources */ = {isa = PBXBuildFile; fileRef = F311FEBE19ECD0DF00EDFE04 /* main.m */; };
		F311FEC319ECD0DF00EDFE04 /* AppDelegate.m in Sources */ = {isa = PBXBuildFile; fileRef = F311FEC219ECD0DF00EDFE04 /* AppDelegate.m */; };
		F311FEC619ECD0DF00EDFE04 /* Main.storyboard in Resources */ = {isa = PBXBuildFile; fileRef = F311FEC419ECD0DF00EDFE04 /* Main.storyboard */; };
		F311FEC919ECD0DF00EDFE04 /* ViewController.m in Sources */ = {isa = PBXBuildFile; fileRef = F311FEC819ECD0DF00EDFE04 /* ViewController.m */; };
		F311FECB19ECD0DF00EDFE04 /* Images.xcassets in Resources */ = {isa = PBXBuildFile; fileRef = F311FECA19ECD0DF00EDFE04 /* Images.xcassets */; };
		F311FED219ECD0DF00EDFE04 /* XCTest.framework in Frameworks */ = {isa = PBXBuildFile; fileRef = F311FED119ECD0DF00EDFE04 /* XCTest.framework */; };
		F311FED319ECD0DF00EDFE04 /* Foundation.framework in Frameworks */ = {isa = PBXBuildFile; fileRef = F311FEB219ECD0DF00EDFE04 /* Foundation.framework */; };
		F311FED419ECD0DF00EDFE04 /* UIKit.framework in Frameworks */ = {isa = PBXBuildFile; fileRef = F311FEB619ECD0DF00EDFE04 /* UIKit.framework */; };
		F311FEDC19ECD0DF00EDFE04 /* InfoPlist.strings in Resources */ = {isa = PBXBuildFile; fileRef = F311FEDA19ECD0DF00EDFE04 /* InfoPlist.strings */; };
		F311FEDE19ECD0DF00EDFE04 /* DistanceAppMTests.m in Sources */ = {isa = PBXBuildFile; fileRef = F311FEDD19ECD0DF00EDFE04 /* DistanceAppMTests.m */; };
		F311FEEB19ECDBA300EDFE04 /* BLE.m in Sources */ = {isa = PBXBuildFile; fileRef = F311FEE919ECDBA300EDFE04 /* BLE.m */; };
		F3EB50AE1A06B47300132F43 /* AudioToolbox.framework in Frameworks */ = {isa = PBXBuildFile; fileRef = F3EB50AD1A06B47300132F43 /* AudioToolbox.framework */; };
		F3EB50B21A06D91A00132F43 /* Alarm Sound.mp3 in Resources */ = {isa = PBXBuildFile; fileRef = F3EB50B11A06D91A00132F43 /* Alarm Sound.mp3 */; };
/* End PBXBuildFile section */

/* Begin PBXContainerItemProxy section */
		F311FED519ECD0DF00EDFE04 /* PBXContainerItemProxy */ = {
			isa = PBXContainerItemProxy;
			containerPortal = F311FEA719ECD0DF00EDFE04 /* Project object */;
			proxyType = 1;
			remoteGlobalIDString = F311FEAE19ECD0DF00EDFE04;
			remoteInfo = DistanceAppM;
		};
/* End PBXContainerItemProxy section */

/* Begin PBXFileReference section */
		F311FEAF19ECD0DF00EDFE04 /* DistanceAppM.app */ = {isa = PBXFileReference; explicitFileType = wrapper.application; includeInIndex = 0; path = DistanceAppM.app; sourceTree = BUILT_PRODUCTS_DIR; };
		F311FEB219ECD0DF00EDFE04 /* Foundation.framework */ = {isa = PBXFileReference; lastKnownFileType = wrapper.framework; name = Foundation.framework; path = System/Library/Frameworks/Foundation.framework; sourceTree = SDKROOT; };
		F311FEB419ECD0DF00EDFE04 /* CoreGraphics.framework */ = {isa = PBXFileReference; lastKnownFileType = wrapper.framework; name = CoreGraphics.framework; path = System/Library/Frameworks/CoreGraphics.framework; sourceTree = SDKROOT; };
		F311FEB619ECD0DF00EDFE04 /* UIKit.framework */ = {isa = PBXFileReference; lastKnownFileType = wrapper.framework; name = UIKit.framework; path = System/Library/Frameworks/UIKit.framework; sourceTree = SDKROOT; };
		F311FEBA19ECD0DF00EDFE04 /* DistanceAppM-Info.plist */ = {isa = PBXFileReference; lastKnownFileType = text.plist.xml; path = "DistanceAppM-Info.plist"; sourceTree = "<group>"; };
		F311FEBC19ECD0DF00EDFE04 /* en */ = {isa = PBXFileReference; lastKnownFileType = text.plist.strings; name = en; path = en.lproj/InfoPlist.strings; sourceTree = "<group>"; };
		F311FEBE19ECD0DF00EDFE04 /* main.m */ = {isa = PBXFileReference; lastKnownFileType = sourcecode.c.objc; path = main.m; sourceTree = "<group>"; };
		F311FEC019ECD0DF00EDFE04 /* DistanceAppM-Prefix.pch */ = {isa = PBXFileReference; lastKnownFileType = sourcecode.c.h; path = "DistanceAppM-Prefix.pch"; sourceTree = "<group>"; };
		F311FEC119ECD0DF00EDFE04 /* AppDelegate.h */ = {isa = PBXFileReference; lastKnownFileType = sourcecode.c.h; path = AppDelegate.h; sourceTree = "<group>"; };
		F311FEC219ECD0DF00EDFE04 /* AppDelegate.m */ = {isa = PBXFileReference; lastKnownFileType = sourcecode.c.objc; path = AppDelegate.m; sourceTree = "<group>"; };
		F311FEC519ECD0DF00EDFE04 /* Base */ = {isa = PBXFileReference; lastKnownFileType = file.storyboard; name = Base; path = Base.lproj/Main.storyboard; sourceTree = "<group>"; };
		F311FEC719ECD0DF00EDFE04 /* ViewController.h */ = {isa = PBXFileReference; lastKnownFileType = sourcecode.c.h; path = ViewController.h; sourceTree = "<group>"; };
		F311FEC819ECD0DF00EDFE04 /* ViewController.m */ = {isa = PBXFileReference; lastKnownFileType = sourcecode.c.objc; path = ViewController.m; sourceTree = "<group>"; };
		F311FECA19ECD0DF00EDFE04 /* Images.xcassets */ = {isa = PBXFileReference; lastKnownFileType = folder.assetcatalog; path = Images.xcassets; sourceTree = "<group>"; };
		F311FED019ECD0DF00EDFE04 /* DistanceAppMTests.xctest */ = {isa = PBXFileReference; explicitFileType = wrapper.cfbundle; includeInIndex = 0; path = DistanceAppMTests.xctest; sourceTree = BUILT_PRODUCTS_DIR; };
		F311FED119ECD0DF00EDFE04 /* XCTest.framework */ = {isa = PBXFileReference; lastKnownFileType = wrapper.framework; name = XCTest.framework; path = Library/Frameworks/XCTest.framework; sourceTree = DEVELOPER_DIR; };
		F311FED919ECD0DF00EDFE04 /* DistanceAppMTests-Info.plist */ = {isa = PBXFileReference; lastKnownFileType = text.plist.xml; path = "DistanceAppMTests-Info.plist"; sourceTree = "<group>"; };
		F311FEDB19ECD0DF00EDFE04 /* en */ = {isa = PBXFileReference; lastKnownFileType = text.plist.strings; name = en; path = en.lproj/InfoPlist.strings; sourceTree = "<group>"; };
		F311FEDD19ECD0DF00EDFE04 /* DistanceAppMTests.m */ = {isa = PBXFileReference; lastKnownFileType = sourcecode.c.objc; path = DistanceAppMTests.m; sourceTree = "<group>"; };
		F311FEE819ECDBA300EDFE04 /* BLE.h */ = {isa = PBXFileReference; fileEncoding = 4; lastKnownFileType = sourcecode.c.h; path = BLE.h; sourceTree = "<group>"; };
		F311FEE919ECDBA300EDFE04 /* BLE.m */ = {isa = PBXFileReference; fileEncoding = 4; lastKnownFileType = sourcecode.c.objc; path = BLE.m; sourceTree = "<group>"; };
		F311FEEA19ECDBA300EDFE04 /* BLEDefines.h */ = {isa = PBXFileReference; fileEncoding = 4; lastKnownFileType = sourcecode.c.h; path = BLEDefines.h; sourceTree = "<group>"; };
		F3EB50AD1A06B47300132F43 /* AudioToolbox.framework */ = {isa = PBXFileReference; lastKnownFileType = wrapper.framework; name = AudioToolbox.framework; path = System/Library/Frameworks/AudioToolbox.framework; sourceTree = SDKROOT; };
		F3EB50B11A06D91A00132F43 /* Alarm Sound.mp3 */ = {isa = PBXFileReference; lastKnownFileType = audio.mp3; name = "Alarm Sound.mp3"; path = "../Alarm Sound.mp3"; sourceTree = "<group>"; };
/* End PBXFileReference section */

/* Begin PBXFrameworksBuildPhase section */
		F311FEAC19ECD0DF00EDFE04 /* Frameworks */ = {
			isa = PBXFrameworksBuildPhase;
			buildActionMask = 2147483647;
			files = (
				F3EB50AE1A06B47300132F43 /* AudioToolbox.framework in Frameworks */,
				F311FEB519ECD0DF00EDFE04 /* CoreGraphics.framework in Frameworks */,
				F311FEB719ECD0DF00EDFE04 /* UIKit.framework in Frameworks */,
				F311FEB319ECD0DF00EDFE04 /* Foundation.framework in Frameworks */,
			);
			runOnlyForDeploymentPostprocessing = 0;
		};
		F311FECD19ECD0DF00EDFE04 /* Frameworks */ = {
			isa = PBXFrameworksBuildPhase;
			buildActionMask = 2147483647;
			files = (
				F311FED219ECD0DF00EDFE04 /* XCTest.framework in Frameworks */,
				F311FED419ECD0DF00EDFE04 /* UIKit.framework in Frameworks */,
				F311FED319ECD0DF00EDFE04 /* Foundation.framework in Frameworks */,
			);
			runOnlyForDeploymentPostprocessing = 0;
		};
/* End PBXFrameworksBuildPhase section */

/* Begin PBXGroup section */
		F311FEA619ECD0DF00EDFE04 = {
			isa = PBXGroup;
			children = (
				F311FEB819ECD0DF00EDFE04 /* DistanceAppM */,
				F311FED719ECD0DF00EDFE04 /* DistanceAppMTests */,
				F311FEB119ECD0DF00EDFE04 /* Frameworks */,
				F311FEB019ECD0DF00EDFE04 /* Products */,
			);
			sourceTree = "<group>";
		};
		F311FEB019ECD0DF00EDFE04 /* Products */ = {
			isa = PBXGroup;
			children = (
				F311FEAF19ECD0DF00EDFE04 /* DistanceAppM.app */,
				F311FED019ECD0DF00EDFE04 /* DistanceAppMTests.xctest */,
			);
			name = Products;
			sourceTree = "<group>";
		};
		F311FEB119ECD0DF00EDFE04 /* Frameworks */ = {
			isa = PBXGroup;
			children = (
				F3EB50AD1A06B47300132F43 /* AudioToolbox.framework */,
				F311FEE719ECDBA300EDFE04 /* BLE */,
				F311FEB219ECD0DF00EDFE04 /* Foundation.framework */,
				F311FEB419ECD0DF00EDFE04 /* CoreGraphics.framework */,
				F311FEB619ECD0DF00EDFE04 /* UIKit.framework */,
				F311FED119ECD0DF00EDFE04 /* XCTest.framework */,
			);
			name = Frameworks;
			sourceTree = "<group>";
		};
		F311FEB819ECD0DF00EDFE04 /* DistanceAppM */ = {
			isa = PBXGroup;
			children = (
				F3EB50B11A06D91A00132F43 /* Alarm Sound.mp3 */,
				F311FEC119ECD0DF00EDFE04 /* AppDelegate.h */,
				F311FEC219ECD0DF00EDFE04 /* AppDelegate.m */,
				F311FEC419ECD0DF00EDFE04 /* Main.storyboard */,
				F311FEC719ECD0DF00EDFE04 /* ViewController.h */,
				F311FEC819ECD0DF00EDFE04 /* ViewController.m */,
				F311FECA19ECD0DF00EDFE04 /* Images.xcassets */,
				F311FEB919ECD0DF00EDFE04 /* Supporting Files */,
			);
			path = DistanceAppM;
			sourceTree = "<group>";
		};
		F311FEB919ECD0DF00EDFE04 /* Supporting Files */ = {
			isa = PBXGroup;
			children = (
				F311FEBA19ECD0DF00EDFE04 /* DistanceAppM-Info.plist */,
				F311FEBB19ECD0DF00EDFE04 /* InfoPlist.strings */,
				F311FEBE19ECD0DF00EDFE04 /* main.m */,
				F311FEC019ECD0DF00EDFE04 /* DistanceAppM-Prefix.pch */,
			);
			name = "Supporting Files";
			sourceTree = "<group>";
		};
		F311FED719ECD0DF00EDFE04 /* DistanceAppMTests */ = {
			isa = PBXGroup;
			children = (
				F311FEDD19ECD0DF00EDFE04 /* DistanceAppMTests.m */,
				F311FED819ECD0DF00EDFE04 /* Supporting Files */,
			);
			path = DistanceAppMTests;
			sourceTree = "<group>";
		};
		F311FED819ECD0DF00EDFE04 /* Supporting Files */ = {
			isa = PBXGroup;
			children = (
				F311FED919ECD0DF00EDFE04 /* DistanceAppMTests-Info.plist */,
				F311FEDA19ECD0DF00EDFE04 /* InfoPlist.strings */,
			);
			name = "Supporting Files";
			sourceTree = "<group>";
		};
		F311FEE719ECDBA300EDFE04 /* BLE */ = {
			isa = PBXGroup;
			children = (
				F311FEE819ECDBA300EDFE04 /* BLE.h */,
				F311FEE919ECDBA300EDFE04 /* BLE.m */,
				F311FEEA19ECDBA300EDFE04 /* BLEDefines.h */,
			);
			path = BLE;
			sourceTree = "<group>";
		};
/* End PBXGroup section */

/* Begin PBXNativeTarget section */
		F311FEAE19ECD0DF00EDFE04 /* DistanceAppM */ = {
			isa = PBXNativeTarget;
			buildConfigurationList = F311FEE119ECD0DF00EDFE04 /* Build configuration list for PBXNativeTarget "DistanceAppM" */;
			buildPhases = (
				F311FEAB19ECD0DF00EDFE04 /* Sources */,
				F311FEAC19ECD0DF00EDFE04 /* Frameworks */,
				F311FEAD19ECD0DF00EDFE04 /* Resources */,
			);
			buildRules = (
			);
			dependencies = (
			);
			name = DistanceAppM;
			productName = DistanceAppM;
			productReference = F311FEAF19ECD0DF00EDFE04 /* DistanceAppM.app */;
			productType = "com.apple.product-type.application";
		};
		F311FECF19ECD0DF00EDFE04 /* DistanceAppMTests */ = {
			isa = PBXNativeTarget;
			buildConfigurationList = F311FEE419ECD0DF00EDFE04 /* Build configuration list for PBXNativeTarget "DistanceAppMTests" */;
			buildPhases = (
				F311FECC19ECD0DF00EDFE04 /* Sources */,
				F311FECD19ECD0DF00EDFE04 /* Frameworks */,
				F311FECE19ECD0DF00EDFE04 /* Resources */,
			);
			buildRules = (
			);
			dependencies = (
				F311FED619ECD0DF00EDFE04 /* PBXTargetDependency */,
			);
			name = DistanceAppMTests;
			productName = DistanceAppMTests;
			productReference = F311FED019ECD0DF00EDFE04 /* DistanceAppMTests.xctest */;
			productType = "com.apple.product-type.bundle.unit-test";
		};
/* End PBXNativeTarget section */

/* Begin PBXProject section */
		F311FEA719ECD0DF00EDFE04 /* Project object */ = {
			isa = PBXProject;
			attributes = {
				LastUpgradeCheck = 0510;
				ORGANIZATIONNAME = "Maria Elena Villamil";
				TargetAttributes = {
					F311FECF19ECD0DF00EDFE04 = {
						TestTargetID = F311FEAE19ECD0DF00EDFE04;
					};
				};
			};
			buildConfigurationList = F311FEAA19ECD0DF00EDFE04 /* Build configuration list for PBXProject "DistanceAppM" */;
			compatibilityVersion = "Xcode 3.2";
			developmentRegion = English;
			hasScannedForEncodings = 0;
			knownRegions = (
				en,
				Base,
			);
			mainGroup = F311FEA619ECD0DF00EDFE04;
			productRefGroup = F311FEB019ECD0DF00EDFE04 /* Products */;
			projectDirPath = "";
			projectRoot = "";
			targets = (
				F311FEAE19ECD0DF00EDFE04 /* DistanceAppM */,
				F311FECF19ECD0DF00EDFE04 /* DistanceAppMTests */,
			);
		};
/* End PBXProject section */

/* Begin PBXResourcesBuildPhase section */
		F311FEAD19ECD0DF00EDFE04 /* Resources */ = {
			isa = PBXResourcesBuildPhase;
			buildActionMask = 2147483647;
			files = (
				F311FECB19ECD0DF00EDFE04 /* Images.xcassets in Resources */,
				F311FEBD19ECD0DF00EDFE04 /* InfoPlist.strings in Resources */,
				F311FEC619ECD0DF00EDFE04 /* Main.storyboard in Resources */,
				F3EB50B21A06D91A00132F43 /* Alarm Sound.mp3 in Resources */,
			);
			runOnlyForDeploymentPostprocessing = 0;
		};
		F311FECE19ECD0DF00EDFE04 /* Resources */ = {
			isa = PBXResourcesBuildPhase;
			buildActionMask = 2147483647;
			files = (
				F311FEDC19ECD0DF00EDFE04 /* InfoPlist.strings in Resources */,
			);
			runOnlyForDeploymentPostprocessing = 0;
		};
/* End PBXResourcesBuildPhase section */

/* Begin PBXSourcesBuildPhase section */
		F311FEAB19ECD0DF00EDFE04 /* Sources */ = {
			isa = PBXSourcesBuildPhase;
			buildActionMask = 2147483647;
			files = (
				F311FEC919ECD0DF00EDFE04 /* ViewController.m in Sources */,
				F311FEC319ECD0DF00EDFE04 /* AppDelegate.m in Sources */,
				F311FEBF19ECD0DF00EDFE04 /* main.m in Sources */,
				F311FEEB19ECDBA300EDFE04 /* BLE.m in Sources */,
			);
			runOnlyForDeploymentPostprocessing = 0;
		};
		F311FECC19ECD0DF00EDFE04 /* Sources */ = {
			isa = PBXSourcesBuildPhase;
			buildActionMask = 2147483647;
			files = (
				F311FEDE19ECD0DF00EDFE04 /* DistanceAppMTests.m in Sources */,
			);
			runOnlyForDeploymentPostprocessing = 0;
		};
/* End PBXSourcesBuildPhase section */

/* Begin PBXTargetDependency section */
		F311FED619ECD0DF00EDFE04 /* PBXTargetDependency */ = {
			isa = PBXTargetDependency;
			target = F311FEAE19ECD0DF00EDFE04 /* DistanceAppM */;
			targetProxy = F311FED519ECD0DF00EDFE04 /* PBXContainerItemProxy */;
		};
/* End PBXTargetDependency section */

/* Begin PBXVariantGroup section */
		F311FEBB19ECD0DF00EDFE04 /* InfoPlist.strings */ = {
			isa = PBXVariantGroup;
			children = (
				F311FEBC19ECD0DF00EDFE04 /* en */,
			);
			name = InfoPlist.strings;
			sourceTree = "<group>";
		};
		F311FEC419ECD0DF00EDFE04 /* Main.storyboard */ = {
			isa = PBXVariantGroup;
			children = (
				F311FEC519ECD0DF00EDFE04 /* Base */,
			);
			name = Main.storyboard;
			sourceTree = "<group>";
		};
		F311FEDA19ECD0DF00EDFE04 /* InfoPlist.strings */ = {
			isa = PBXVariantGroup;
			children = (
				F311FEDB19ECD0DF00EDFE04 /* en */,
			);
			name = InfoPlist.strings;
			sourceTree = "<group>";
		};
/* End PBXVariantGroup section */

/* Begin XCBuildConfiguration section */
		F311FEDF19ECD0DF00EDFE04 /* Debug */ = {
			isa = XCBuildConfiguration;
			buildSettings = {
				ALWAYS_SEARCH_USER_PATHS = NO;
				CLANG_CXX_LANGUAGE_STANDARD = "gnu++0x";
				CLANG_CXX_LIBRARY = "libc++";
				CLANG_ENABLE_MODULES = YES;
				CLANG_ENABLE_OBJC_ARC = YES;
				CLANG_WARN_BOOL_CONVERSION = YES;
				CLANG_WARN_CONSTANT_CONVERSION = YES;
				CLANG_WARN_DIRECT_OBJC_ISA_USAGE = YES_ERROR;
				CLANG_WARN_EMPTY_BODY = YES;
				CLANG_WARN_ENUM_CONVERSION = YES;
				CLANG_WARN_INT_CONVERSION = YES;
				CLANG_WARN_OBJC_ROOT_CLASS = YES_ERROR;
				CLANG_WARN__DUPLICATE_METHOD_MATCH = YES;
				"CODE_SIGN_IDENTITY[sdk=iphoneos*]" = "iPhone Developer";
				COPY_PHASE_STRIP = NO;
				GCC_C_LANGUAGE_STANDARD = gnu99;
				GCC_DYNAMIC_NO_PIC = NO;
				GCC_OPTIMIZATION_LEVEL = 0;
				GCC_PREPROCESSOR_DEFINITIONS = (
					"DEBUG=1",
					"$(inherited)",
				);
				GCC_SYMBOLS_PRIVATE_EXTERN = NO;
				GCC_WARN_64_TO_32_BIT_CONVERSION = YES;
				GCC_WARN_ABOUT_RETURN_TYPE = YES_ERROR;
				GCC_WARN_UNDECLARED_SELECTOR = YES;
				GCC_WARN_UNINITIALIZED_AUTOS = YES_AGGRESSIVE;
				GCC_WARN_UNUSED_FUNCTION = YES;
				GCC_WARN_UNUSED_VARIABLE = YES;
				IPHONEOS_DEPLOYMENT_TARGET = 7.0;
				ONLY_ACTIVE_ARCH = YES;
				SDKROOT = iphoneos;
			};
			name = Debug;
		};
		F311FEE019ECD0DF00EDFE04 /* Release */ = {
			isa = XCBuildConfiguration;
			buildSettings = {
				ALWAYS_SEARCH_USER_PATHS = NO;
				CLANG_CXX_LANGUAGE_STANDARD = "gnu++0x";
				CLANG_CXX_LIBRARY = "libc++";
				CLANG_ENABLE_MODULES = YES;
				CLANG_ENABLE_OBJC_ARC = YES;
				CLANG_WARN_BOOL_CONVERSION = YES;
				CLANG_WARN_CONSTANT_CONVERSION = YES;
				CLANG_WARN_DIRECT_OBJC_ISA_USAGE = YES_ERROR;
				CLANG_WARN_EMPTY_BODY = YES;
				CLANG_WARN_ENUM_CONVERSION = YES;
				CLANG_WARN_INT_CONVERSION = YES;
				CLANG_WARN_OBJC_ROOT_CLASS = YES_ERROR;
				CLANG_WARN__DUPLICATE_METHOD_MATCH = YES;
				"CODE_SIGN_IDENTITY[sdk=iphoneos*]" = "iPhone Developer";
				COPY_PHASE_STRIP = YES;
				ENABLE_NS_ASSERTIONS = NO;
				GCC_C_LANGUAGE_STANDARD = gnu99;
				GCC_WARN_64_TO_32_BIT_CONVERSION = YES;
				GCC_WARN_ABOUT_RETURN_TYPE = YES_ERROR;
				GCC_WARN_UNDECLARED_SELECTOR = YES;
				GCC_WARN_UNINITIALIZED_AUTOS = YES_AGGRESSIVE;
				GCC_WARN_UNUSED_FUNCTION = YES;
				GCC_WARN_UNUSED_VARIABLE = YES;
				IPHONEOS_DEPLOYMENT_TARGET = 7.0;
				SDKROOT = iphoneos;
				VALIDATE_PRODUCT = YES;
			};
			name = Release;
		};
		F311FEE219ECD0DF00EDFE04 /* Debug */ = {
			isa = XCBuildConfiguration;
			buildSettings = {
				ASSETCATALOG_COMPILER_APPICON_NAME = AppIcon;
				ASSETCATALOG_COMPILER_LAUNCHIMAGE_NAME = LaunchImage;
				GCC_PRECOMPILE_PREFIX_HEADER = YES;
				GCC_PREFIX_HEADER = "DistanceAppM/DistanceAppM-Prefix.pch";
				INFOPLIST_FILE = "DistanceAppM/DistanceAppM-Info.plist";
				PRODUCT_NAME = "$(TARGET_NAME)";
				WRAPPER_EXTENSION = app;
			};
			name = Debug;
		};
		F311FEE319ECD0DF00EDFE04 /* Release */ = {
			isa = XCBuildConfiguration;
			buildSettings = {
				ASSETCATALOG_COMPILER_APPICON_NAME = AppIcon;
				ASSETCATALOG_COMPILER_LAUNCHIMAGE_NAME = LaunchImage;
				GCC_PRECOMPILE_PREFIX_HEADER = YES;
				GCC_PREFIX_HEADER = "DistanceAppM/DistanceAppM-Prefix.pch";
				INFOPLIST_FILE = "DistanceAppM/DistanceAppM-Info.plist";
				PRODUCT_NAME = "$(TARGET_NAME)";
				WRAPPER_EXTENSION = app;
			};
			name = Release;
		};
		F311FEE519ECD0DF00EDFE04 /* Debug */ = {
			isa = XCBuildConfiguration;
			buildSettings = {
				BUNDLE_LOADER = "$(BUILT_PRODUCTS_DIR)/DistanceAppM.app/DistanceAppM";
				FRAMEWORK_SEARCH_PATHS = (
					"$(SDKROOT)/Developer/Library/Frameworks",
					"$(inherited)",
					"$(DEVELOPER_FRAMEWORKS_DIR)",
				);
				GCC_PRECOMPILE_PREFIX_HEADER = YES;
				GCC_PREFIX_HEADER = "DistanceAppM/DistanceAppM-Prefix.pch";
				GCC_PREPROCESSOR_DEFINITIONS = (
					"DEBUG=1",
					"$(inherited)",
				);
				INFOPLIST_FILE = "DistanceAppMTests/DistanceAppMTests-Info.plist";
				PRODUCT_NAME = "$(TARGET_NAME)";
				TEST_HOST = "$(BUNDLE_LOADER)";
				WRAPPER_EXTENSION = xctest;
			};
			name = Debug;
		};
		F311FEE619ECD0DF00EDFE04 /* Release */ = {
			isa = XCBuildConfiguration;
			buildSettings = {
				BUNDLE_LOADER = "$(BUILT_PRODUCTS_DIR)/DistanceAppM.app/DistanceAppM";
				FRAMEWORK_SEARCH_PATHS = (
					"$(SDKROOT)/Developer/Library/Frameworks",
					"$(inherited)",
					"$(DEVELOPER_FRAMEWORKS_DIR)",
				);
				GCC_PRECOMPILE_PREFIX_HEADER = YES;
				GCC_PREFIX_HEADER = "DistanceAppM/DistanceAppM-Prefix.pch";
				INFOPLIST_FILE = "DistanceAppMTests/DistanceAppMTests-Info.plist";
				PRODUCT_NAME = "$(TARGET_NAME)";
				TEST_HOST = "$(BUNDLE_LOADER)";
				WRAPPER_EXTENSION = xctest;
			};
			name = Release;
		};
/* End XCBuildConfiguration section */

/* Begin XCConfigurationList section */
		F311FEAA19ECD0DF00EDFE04 /* Build configuration list for PBXProject "DistanceAppM" */ = {
			isa = XCConfigurationList;
			buildConfigurations = (
				F311FEDF19ECD0DF00EDFE04 /* Debug */,
				F311FEE019ECD0DF00EDFE04 /* Release */,
			);
			defaultConfigurationIsVisible = 0;
			defaultConfigurationName = Release;
		};
		F311FEE119ECD0DF00EDFE04 /* Build configuration list for PBXNativeTarget "DistanceAppM" */ = {
			isa = XCConfigurationList;
			buildConfigurations = (
				F311FEE219ECD0DF00EDFE04 /* Debug */,
				F311FEE319ECD0DF00EDFE04 /* Release */,
			);
			defaultConfigurationIsVisible = 0;
			defaultConfigurationName = Release;
		};
		F311FEE419ECD0DF00EDFE04 /* Build configuration list for PBXNativeTarget "DistanceAppMTests" */ = {
			isa = XCConfigurationList;
			buildConfigurations = (
				F311FEE519ECD0DF00EDFE04 /* Debug */,
				F311FEE619ECD0DF00EDFE04 /* Release */,
			);
			defaultConfigurationIsVisible = 0;
			defaultConfigurationName = Release;
		};
/* End XCConfigurationList section */
	};
	rootObject = F311FEA719ECD0DF00EDFE04 /* Project object */;
}
